lockfileVersion: '9.0'

settings:
  autoInstallPeers: true
  excludeLinksFromLockfile: false

importers:

  .:
    dependencies:
      '@neondatabase/serverless':
        specifier: ^1.0.1
        version: 1.1.0
      stripe:
        specifier: ^22.6.2
        version: 22.6.2

packages:

  '@neondatabase/serverless@1.1.0':
    resolution: {integrity: sha512-r3ZZhRjEcfEdKIZnoB1RusNgvHuaBRqfCzV4Gi+5A9yUX0S4HTws/ASWqt13wL4y4I+0rqsWGdA2w7EQXHi3+Q==}
    engines: {node: '>=19.0.0'}

  stripe@22.6.2:
    resolution: {integrity: sha512-PwRE2scocvXqDKPiskMa5vRJEAEkq46W69XyUYmAwrNSLr675lQnfqLwnsndAWizwgihOWw/irLmoFRo3ez7ew==}
    engines: {node: '>=18'}
    peerDependencies:
      '@types/node': '>=18'
    peerDependenciesMeta:
      '@types/node':
        optional: true

snapshots:

  '@neondatabase/serverless@1.1.0': {}

  stripe@22.6.2: {}
