lockfileVersion: '9.0'

settings:
  autoInstallPeers: true
  excludeLinksFromLockfile: false

importers:

  .:
    dependencies:
      '@neondatabase/serverless':
        specifier: ^1.0.1
        version: 1.1.0
      '@vercel/analytics':
        specifier: ^2.0.1
        version: 2.0.1
      stripe:
        specifier: ^22.6.2
        version: 22.6.2

packages:

  '@neondatabase/serverless@1.1.0':
    resolution: {integrity: sha512-r3ZZhRjEcfEdKIZnoB1RusNgvHuaBRqfCzV4Gi+5A9yUX0S4HTws/ASWqt13wL4y4I+0rqsWGdA2w7EQXHi3+Q==}
    engines: {node: '>=19.0.0'}

  '@vercel/analytics@2.0.1':
    resolution: {integrity: sha512-MTQG6V9qQrt1tsDeF+2Uoo5aPjqbVPys1xvnIftXSJYG2SrwXRHnqEvVoYID7BTruDz4lCd2Z7rM1BdkUehk2g==}
    peerDependencies:
      '@remix-run/react': ^2
      '@sveltejs/kit': ^1 || ^2
      next: '>= 13'
      nuxt: '>= 3'
      react: ^18 || ^19 || ^19.0.0-rc
      svelte: '>= 4'
      vue: ^3
      vue-router: ^4
    peerDependenciesMeta:
      '@remix-run/react':
        optional: true
      '@sveltejs/kit':
        optional: true
      next:
        optional: true
      nuxt:
        optional: true
      react:
        optional: true
      svelte:
        optional: true
      vue:
        optional: true
      vue-router:
        optional: true

  stripe@22.6.2:
    resolution: {integrity: sha512-PwRE2scocvXqDKPiskMa5vRJEAEkq46W69XyUYmAwrNSLr675lQnfqLwnsndAWizwgihOWw/irLmoFRo3ez7ew==}
    engines: {node: '>=18'}
    peerDependencies:
      '@types/node': '>=18'
    peerDependenciesMeta:
      '@types/node':
        optional: true

snapshots:

  '@neondatabase/serverless@1.1.0': {}

  '@vercel/analytics@2.0.1': {}

  stripe@22.6.2: {}
